
Microsoft Visual Studio Solution File, Format Version 12.00
# Visual Studio 15
VisualStudioVersion = 15.0.28307.421
MinimumVisualStudioVersion = 10.0.40219.1
Project("{FAE04EC0-301F-11D3-BF4B-00C04F79EFBC}") = "WindowsService1", "WindowsService1\WindowsService1.csproj", "{57E2E245-25BE-4048-BAB9-3C7AD644506F}"
EndProject
Global
	GlobalSection(SolutionConfigurationPlatforms) = preSolution
		Debug|Any CPU = Debug|Any CPU
		Release|Any CPU = Release|Any CPU
	EndGlobalSection
	GlobalSection(ProjectConfigurationPlatforms) = postSolution
		{57E2E245-25BE-4048-BAB9-3C7AD644506F}.Debug|Any CPU.ActiveCfg = Debug|Any CPU
		{57E2E245-25BE-4048-BAB9-3C7AD644506F}.Debug|Any CPU.Build.0 = Debug|Any CPU
		{57E2E245-25BE-4048-BAB9-3C7AD644506F}.Release|Any CPU.ActiveCfg = Release|Any CPU
		{57E2E245-25BE-4048-BAB9-3C7AD644506F}.Release|Any CPU.Build.0 = Release|Any CPU
	EndGlobalSection
	GlobalSection(SolutionProperties) = preSolution
		HideSolutionNode = FALSE
	EndGlobalSection
	GlobalSection(ExtensibilityGlobals) = postSolution
		SolutionGuid = {D6F65361-67D5-4F67-9DE5-1AACC419A5A7}
	EndGlobalSection
EndGlobal
